
Microsoft Visual Studio Solution File, Format Version 12.00
# Visual Studio 15
VisualStudioVersion = 15.0.28010.2046
MinimumVisualStudioVersion = 10.0.40219.1
Project("{FAE04EC0-301F-11D3-BF4B-00C04F79EFBC}") = "step_165", "step_165\step_165.csproj", "{6C01C20B-67C7-4B56-B573-D0B827577FC3}"
EndProject
Global
	GlobalSection(SolutionConfigurationPlatforms) = preSolution
		Debug|Any CPU = Debug|Any CPU
		Release|Any CPU = Release|Any CPU
	EndGlobalSection
	GlobalSection(ProjectConfigurationPlatforms) = postSolution
		{6C01C20B-67C7-4B56-B573-D0B827577FC3}.Debug|Any CPU.ActiveCfg = Debug|Any CPU
		{6C01C20B-67C7-4B56-B573-D0B827577FC3}.Debug|Any CPU.Build.0 = Debug|Any CPU
		{6C01C20B-67C7-4B56-B573-D0B827577FC3}.Release|Any CPU.ActiveCfg = Release|Any CPU
		{6C01C20B-67C7-4B56-B573-D0B827577FC3}.Release|Any CPU.Build.0 = Release|Any CPU
	EndGlobalSection
	GlobalSection(SolutionProperties) = preSolution
		HideSolutionNode = FALSE
	EndGlobalSection
	GlobalSection(ExtensibilityGlobals) = postSolution
		SolutionGuid = {65217772-1363-4FC3-934A-5AC414A0EFE7}
	EndGlobalSection
EndGlobal
